
Microsoft Visual Studio Solution File, Format Version 12.00
# Visual Studio Version 17
VisualStudioVersion = 17.1.32228.430
MinimumVisualStudioVersion = 10.0.40219.1
Project("{FAE04EC0-301F-11D3-BF4B-00C04F79EFBC}") = "Hw9", "Hw9\Hw9.csproj", "{C26C658B-DA16-4E6F-805D-2E6072C36027}"
EndProject
Global
	GlobalSection(SolutionConfigurationPlatforms) = preSolution
		Debug|Any CPU = Debug|Any CPU
		Release|Any CPU = Release|Any CPU
	EndGlobalSection
	GlobalSection(ProjectConfigurationPlatforms) = postSolution
		{C26C658B-DA16-4E6F-805D-2E6072C36027}.Debug|Any CPU.ActiveCfg = Debug|Any CPU
		{C26C658B-DA16-4E6F-805D-2E6072C36027}.Debug|Any CPU.Build.0 = Debug|Any CPU
		{C26C658B-DA16-4E6F-805D-2E6072C36027}.Release|Any CPU.ActiveCfg = Release|Any CPU
		{C26C658B-DA16-4E6F-805D-2E6072C36027}.Release|Any CPU.Build.0 = Release|Any CPU
	EndGlobalSection
	GlobalSection(SolutionProperties) = preSolution
		HideSolutionNode = FALSE
	EndGlobalSection
	GlobalSection(ExtensibilityGlobals) = postSolution
		SolutionGuid = {D94809A9-0939-4866-89D1-B4710952ABE8}
	EndGlobalSection
EndGlobal
